
Microsoft Visual Studio Solution File, Format Version 12.00
# Visual Studio Version 17
VisualStudioVersion = 17.4.33403.182
MinimumVisualStudioVersion = 10.0.40219.1
Project("{FAE04EC0-301F-11D3-BF4B-00C04F79EFBC}") = "1stHomeWork", "1stHomeWork.csproj", "{4F7F8CC6-0825-41D0-9A05-DBCEFF5D94E6}"
EndProject
Global
	GlobalSection(SolutionConfigurationPlatforms) = preSolution
		Debug|Any CPU = Debug|Any CPU
		Release|Any CPU = Release|Any CPU
	EndGlobalSection
	GlobalSection(ProjectConfigurationPlatforms) = postSolution
		{4F7F8CC6-0825-41D0-9A05-DBCEFF5D94E6}.Debug|Any CPU.ActiveCfg = Debug|Any CPU
		{4F7F8CC6-0825-41D0-9A05-DBCEFF5D94E6}.Debug|Any CPU.Build.0 = Debug|Any CPU
		{4F7F8CC6-0825-41D0-9A05-DBCEFF5D94E6}.Release|Any CPU.ActiveCfg = Release|Any CPU
		{4F7F8CC6-0825-41D0-9A05-DBCEFF5D94E6}.Release|Any CPU.Build.0 = Release|Any CPU
	EndGlobalSection
	GlobalSection(SolutionProperties) = preSolution
		HideSolutionNode = FALSE
	EndGlobalSection
	GlobalSection(ExtensibilityGlobals) = postSolution
		SolutionGuid = {671EB032-78F7-4D04-9626-67744CF60F7B}
	EndGlobalSection
EndGlobal
