
Microsoft Visual Studio Solution File, Format Version 12.00
# Visual Studio Version 17
VisualStudioVersion = 17.6.33815.320
MinimumVisualStudioVersion = 10.0.40219.1
Project("{2150E333-8FDC-42A3-9474-1A3956D46DE8}") = "src", "src", "{B09548E2-ACD8-45FD-99D3-CC3786C915CD}"
EndProject
Project("{2150E333-8FDC-42A3-9474-1A3956D46DE8}") = "Application", "Application", "{C9AEB7AD-BFB1-4618-B4B5-271157A82F8F}"
EndProject
Project("{2150E333-8FDC-42A3-9474-1A3956D46DE8}") = "Domain", "Domain", "{8814CDCC-EA22-42EE-8FA6-CB0988207D98}"
EndProject
Project("{2150E333-8FDC-42A3-9474-1A3956D46DE8}") = "Infrastructure", "Infrastructure", "{F0ABECA2-E0A8-4283-A9CB-6084EADB3C1C}"
EndProject
Project("{2150E333-8FDC-42A3-9474-1A3956D46DE8}") = "webUI", "webUI", "{504A8533-74A8-4886-9AC7-1410846654D2}"
EndProject
Project("{2150E333-8FDC-42A3-9474-1A3956D46DE8}") = "webAPI", "webAPI", "{C7A3062F-021A-47BE-B565-1DFB9BAB34E2}"
EndProject
Project("{FAE04EC0-301F-11D3-BF4B-00C04F79EFBC}") = "SurveyApp.Entities", "src\Domain\SurveyApp.Entities\SurveyApp.Entities.csproj", "{9F910638-9CBE-4728-8FAC-FED77D3FC1AA}"
EndProject
Project("{FAE04EC0-301F-11D3-BF4B-00C04F79EFBC}") = "SurveyApp.Dto", "src\Application\SurveyApp.Dto\SurveyApp.Dto.csproj", "{A1B04CA5-CB87-4B96-A020-FD2B8DBAFB4D}"
EndProject
Project("{FAE04EC0-301F-11D3-BF4B-00C04F79EFBC}") = "SurveyApp.Services", "src\Application\SurveyApp.Services\SurveyApp.Services.csproj", "{4FE10211-B31A-40A0-B7E5-D32870C8BEE4}"
EndProject
Project("{FAE04EC0-301F-11D3-BF4B-00C04F79EFBC}") = "SurveyApp.Infrastructure", "src\Infrastructure\SurveyApp.Infrastructure\SurveyApp.Infrastructure.csproj", "{2D93561A-8643-4174-B0A1-CA1A793E05E0}"
EndProject
Project("{FAE04EC0-301F-11D3-BF4B-00C04F79EFBC}") = "SurveyApp.MVC", "src\webUI\SurveyApp.MVC\SurveyApp.MVC.csproj", "{C1E98A50-CF32-447C-9039-522821727914}"
EndProject
Project("{FAE04EC0-301F-11D3-BF4B-00C04F79EFBC}") = "SurveyApp.API", "src\webAPI\SurveyApp.API\SurveyApp.API.csproj", "{BDEAACF2-89F1-4661-82D9-15F85113B9C5}"
EndProject
Global
	GlobalSection(SolutionConfigurationPlatforms) = preSolution
		Debug|Any CPU = Debug|Any CPU
		Release|Any CPU = Release|Any CPU
	EndGlobalSection
	GlobalSection(ProjectConfigurationPlatforms) = postSolution
		{9F910638-9CBE-4728-8FAC-FED77D3FC1AA}.Debug|Any CPU.ActiveCfg = Debug|Any CPU
		{9F910638-9CBE-4728-8FAC-FED77D3FC1AA}.Debug|Any CPU.Build.0 = Debug|Any CPU
		{9F910638-9CBE-4728-8FAC-FED77D3FC1AA}.Release|Any CPU.ActiveCfg = Release|Any CPU
		{9F910638-9CBE-4728-8FAC-FED77D3FC1AA}.Release|Any CPU.Build.0 = Release|Any CPU
		{A1B04CA5-CB87-4B96-A020-FD2B8DBAFB4D}.Debug|Any CPU.ActiveCfg = Debug|Any CPU
		{A1B04CA5-CB87-4B96-A020-FD2B8DBAFB4D}.Debug|Any CPU.Build.0 = Debug|Any CPU
		{A1B04CA5-CB87-4B96-A020-FD2B8DBAFB4D}.Release|Any CPU.ActiveCfg = Release|Any CPU
		{A1B04CA5-CB87-4B96-A020-FD2B8DBAFB4D}.Release|Any CPU.Build.0 = Release|Any CPU
		{4FE10211-B31A-40A0-B7E5-D32870C8BEE4}.Debug|Any CPU.ActiveCfg = Debug|Any CPU
		{4FE10211-B31A-40A0-B7E5-D32870C8BEE4}.Debug|Any CPU.Build.0 = Debug|Any CPU
		{4FE10211-B31A-40A0-B7E5-D32870C8BEE4}.Release|Any CPU.ActiveCfg = Release|Any CPU
		{4FE10211-B31A-40A0-B7E5-D32870C8BEE4}.Release|Any CPU.Build.0 = Release|Any CPU
		{2D93561A-8643-4174-B0A1-CA1A793E05E0}.Debug|Any CPU.ActiveCfg = Debug|Any CPU
		{2D93561A-8643-4174-B0A1-CA1A793E05E0}.Debug|Any CPU.Build.0 = Debug|Any CPU
		{2D93561A-8643-4174-B0A1-CA1A793E05E0}.Release|Any CPU.ActiveCfg = Release|Any CPU
		{2D93561A-8643-4174-B0A1-CA1A793E05E0}.Release|Any CPU.Build.0 = Release|Any CPU
		{C1E98A50-CF32-447C-9039-522821727914}.Debug|Any CPU.ActiveCfg = Debug|Any CPU
		{C1E98A50-CF32-447C-9039-522821727914}.Debug|Any CPU.Build.0 = Debug|Any CPU
		{C1E98A50-CF32-447C-9039-522821727914}.Release|Any CPU.ActiveCfg = Release|Any CPU
		{C1E98A50-CF32-447C-9039-522821727914}.Release|Any CPU.Build.0 = Release|Any CPU
		{BDEAACF2-89F1-4661-82D9-15F85113B9C5}.Debug|Any CPU.ActiveCfg = Debug|Any CPU
		{BDEAACF2-89F1-4661-82D9-15F85113B9C5}.Debug|Any CPU.Build.0 = Debug|Any CPU
		{BDEAACF2-89F1-4661-82D9-15F85113B9C5}.Release|Any CPU.ActiveCfg = Release|Any CPU
		{BDEAACF2-89F1-4661-82D9-15F85113B9C5}.Release|Any CPU.Build.0 = Release|Any CPU
	EndGlobalSection
	GlobalSection(SolutionProperties) = preSolution
		HideSolutionNode = FALSE
	EndGlobalSection
	GlobalSection(NestedProjects) = preSolution
		{C9AEB7AD-BFB1-4618-B4B5-271157A82F8F} = {B09548E2-ACD8-45FD-99D3-CC3786C915CD}
		{8814CDCC-EA22-42EE-8FA6-CB0988207D98} = {B09548E2-ACD8-45FD-99D3-CC3786C915CD}
		{F0ABECA2-E0A8-4283-A9CB-6084EADB3C1C} = {B09548E2-ACD8-45FD-99D3-CC3786C915CD}
		{504A8533-74A8-4886-9AC7-1410846654D2} = {B09548E2-ACD8-45FD-99D3-CC3786C915CD}
		{C7A3062F-021A-47BE-B565-1DFB9BAB34E2} = {B09548E2-ACD8-45FD-99D3-CC3786C915CD}
		{9F910638-9CBE-4728-8FAC-FED77D3FC1AA} = {8814CDCC-EA22-42EE-8FA6-CB0988207D98}
		{A1B04CA5-CB87-4B96-A020-FD2B8DBAFB4D} = {C9AEB7AD-BFB1-4618-B4B5-271157A82F8F}
		{4FE10211-B31A-40A0-B7E5-D32870C8BEE4} = {C9AEB7AD-BFB1-4618-B4B5-271157A82F8F}
		{2D93561A-8643-4174-B0A1-CA1A793E05E0} = {F0ABECA2-E0A8-4283-A9CB-6084EADB3C1C}
		{C1E98A50-CF32-447C-9039-522821727914} = {504A8533-74A8-4886-9AC7-1410846654D2}
		{BDEAACF2-89F1-4661-82D9-15F85113B9C5} = {C7A3062F-021A-47BE-B565-1DFB9BAB34E2}
	EndGlobalSection
	GlobalSection(ExtensibilityGlobals) = postSolution
		SolutionGuid = {5C6BFEA8-6842-4642-A1D4-75785B57FA63}
	EndGlobalSection
EndGlobal
